dependencies:
- name: ml-api-adapter
  repository: file://../ml-api-adapter
  version: 10.3.0
- name: poc-modules
  repository: file://./poc-modules
  version: 0.1.0
- name: poc-modules
  repository: file://./poc-modules
  version: 0.1.0
- name: poc-modules
  repository: file://./poc-modules
  version: 0.1.0
- name: publishers
  repository: file://./publishers
  version: 0.1.0
- name: kafka
  repository: http://storage.googleapis.com/kubernetes-charts-incubator
  version: 0.13.11
- name: redis
  repository: https://charts.bitnami.com/bitnami
  version: 10.7.1
digest: sha256:a7cfa154ad2a455c515df0703aee1bb567a1dedd34bc4bc88a6ea9c04c9e7714
generated: "2020-06-18T17:39:17.425335268+01:00"
