dependencies:
- name: transfers
  repository: file://./transfers
  version: 0.1.0
- name: participants
  repository: file://./participants
  version: 0.1.0
- name: simulators
  repository: file://./simulators
  version: 0.1.0
- name: publishers
  repository: file://./publishers
  version: 0.1.0
- name: kafka
  repository: http://storage.googleapis.com/kubernetes-charts-incubator
  version: 0.13.11
- name: redis
  repository: https://charts.bitnami.com/bitnami
  version: 10.7.1
digest: sha256:afcf9f87ee0ecb3a015092e7a2bbe8e62345be49a42c6f473af30bffe6967229
generated: "2020-06-12T13:18:25.389397999+01:00"
