dependencies:
- name: ml-api-adapter
  repository: file://../ml-api-adapter
  version: 10.3.0
- name: participants
  repository: file://./participants
  version: 0.1.0
- name: participants
  repository: file://./participants
  version: 0.1.0
- name: participants
  repository: file://./participants
  version: 0.1.0
- name: publishers
  repository: file://./publishers
  version: 0.1.0
- name: kafka
  repository: http://storage.googleapis.com/kubernetes-charts-incubator
  version: 0.13.11
- name: redis
  repository: https://charts.bitnami.com/bitnami
  version: 10.7.1
digest: sha256:190b99a1fa563762df9ba762c9f1a9db61b27cd61cde25593ba6d8dab906203b
generated: "2020-06-18T14:17:21.943658196+01:00"
